{
    "_readme": [
        "This file locks the dependencies of your project to a known state",
        "Read more about it at https://getcomposer.org/doc/01-basic-usage.md#installing-dependencies",
        "This file is @generated automatically"
    ],
    "content-hash": "c8193b65061153a1f32a0540a751aa67",
    "packages": [
        {
            "name": "tinymce/tinymce",
            "version": "5.6.2",
            "source": {
                "type": "git",
                "url": "https://github.com/tinymce/tinymce-dist.git",
                "reference": "310051defb85fec8581ace8b739ab7b18023db8a"
            },
            "dist": {
                "type": "zip",
                "url": "https://api.github.com/repos/tinymce/tinymce-dist/zipball/310051defb85fec8581ace8b739ab7b18023db8a",
                "reference": "310051defb85fec8581ace8b739ab7b18023db8a",
                "shasum": ""
            },
            "type": "component",
            "extra": {
                "component": {
                    "scripts": [
                        "tinymce.js",
                        "plugins/*/plugin.js",
                        "themes/*/theme.js",
                        "themes/*/icons.js"
                    ],
                    "files": [
                        "tinymce.min.js",
                        "plugins/*/plugin.min.js",
                        "themes/*/theme.min.js",
                        "skins/**",
                        "icons/*/icons.min.js"
                    ]
                }
            },
            "notification-url": "https://packagist.org/downloads/",
            "license": [
                "LGPL-2.1-only"
            ],
            "description": "Web based JavaScript HTML WYSIWYG editor control.",
            "homepage": "http://www.tinymce.com",
            "keywords": [
                "editor",
                "html",
                "javascript",
                "richtext",
                "tinymce",
                "wysiwyg"
            ],
            "support": {
                "source": "https://github.com/tinymce/tinymce-dist/tree/5.6.2"
            },
            "time": "2020-12-08T07:23:49+00:00"
        }
    ],
    "packages-dev": [],
    "aliases": [],
    "minimum-stability": "stable",
    "stability-flags": [],
    "prefer-stable": false,
    "prefer-lowest": false,
    "platform": [],
    "platform-dev": [],
    "plugin-api-version": "2.0.0"
}
